<?xml version="1.0" encoding="utf-8"?>
<Project ToolsVersion="4.0" xmlns="http://schemas.microsoft.com/developer/msbuild/2003">
  <ItemGroup>
    <Filter Include="소스 파일">
      <UniqueIdentifier>{4FC737F1-C7A5-4376-A066-2A32D752A2FF}</UniqueIdentifier>
      <Extensions>cpp;c;cc;cxx;def;odl;idl;hpj;bat;asm;asmx</Extensions>
    </Filter>
    <Filter Include="리소스 파일">
      <UniqueIdentifier>{67DA6AB6-F800-4c08-8B7A-83BB121AAD01}</UniqueIdentifier>
      <Extensions>rc;ico;cur;bmp;dlg;rc2;rct;bin;rgs;gif;jpg;jpeg;jpe;resx;tiff;tif;png;wav;mfcribbon-ms</Extensions>
    </Filter>
    <Filter Include="헤더 파일">
      <UniqueIdentifier>{93995380-89BD-4b04-88EB-625FBE52EBFB}</UniqueIdentifier>
      <Extensions>h;hh;hpp;hxx;hm;inl;inc;ipp;xsd</Extensions>
    </Filter>
    <Filter Include="Maingame">
      <UniqueIdentifier>{b7ebe06a-ace5-4784-a3aa-848627e2abbb}</UniqueIdentifier>
    </Filter>
    <Filter Include="Scene">
      <UniqueIdentifier>{21fd645e-ebfb-44da-b689-9bab961224fe}</UniqueIdentifier>
    </Filter>
    <Filter Include="Object">
      <UniqueIdentifier>{bc9e3d1a-de6b-4f1d-a8c4-6e3daf72e3e0}</UniqueIdentifier>
    </Filter>
    <Filter Include="Object\Block">
      <UniqueIdentifier>{ade80c8d-5b2c-4237-ba15-2cd9f22582a8}</UniqueIdentifier>
    </Filter>
    <Filter Include="Scene\Stage">
      <UniqueIdentifier>{535d98d8-d1f4-4043-baf5-c07e17879883}</UniqueIdentifier>
    </Filter>
    <Filter Include="Headers">
      <UniqueIdentifier>{2e98998d-aac7-4eeb-b417-ae3e96509c06}</UniqueIdentifier>
    </Filter>
    <Filter Include="Scene\Result">
      <UniqueIdentifier>{ad09ee39-1219-4c98-bb39-b71619252a2d}</UniqueIdentifier>
    </Filter>
    <Filter Include="Scene\Menu">
      <UniqueIdentifier>{8e906206-80a7-47f5-afc8-ada68ef7a95f}</UniqueIdentifier>
    </Filter>
    <Filter Include="Managers">
      <UniqueIdentifier>{f1d9d5a4-f6ca-4c8d-b8d7-c4e8c3853cfd}</UniqueIdentifier>
    </Filter>
  </ItemGroup>
  <ItemGroup>
    <ClInclude Include="pch.h">
      <Filter>헤더 파일</Filter>
    </ClInclude>
    <ClInclude Include="Maingame.h">
      <Filter>Maingame</Filter>
    </ClInclude>
    <ClInclude Include="GameObject.h">
      <Filter>Object</Filter>
    </ClInclude>
    <ClInclude Include="Scene.h">
      <Filter>Scene</Filter>
    </ClInclude>
    <ClInclude Include="Stage.h">
      <Filter>Scene\Stage</Filter>
    </ClInclude>
    <ClInclude Include="Macro.h">
      <Filter>Headers</Filter>
    </ClInclude>
    <ClInclude Include="Enum.h">
      <Filter>Headers</Filter>
    </ClInclude>
    <ClInclude Include="Const.h">
      <Filter>Headers</Filter>
    </ClInclude>
    <ClInclude Include="SceneManager.h">
      <Filter>Managers</Filter>
    </ClInclude>
    <ClInclude Include="Includes.h">
      <Filter>Headers</Filter>
    </ClInclude>
    <ClInclude Include="Struct.h">
      <Filter>Headers</Filter>
    </ClInclude>
  </ItemGroup>
  <ItemGroup>
    <ClCompile Include="pch.cpp">
      <Filter>소스 파일</Filter>
    </ClCompile>
    <ClCompile Include="Project_Beom.cpp">
      <Filter>소스 파일</Filter>
    </ClCompile>
    <ClCompile Include="Maingame.cpp">
      <Filter>Maingame</Filter>
    </ClCompile>
    <ClCompile Include="GameObject.cpp">
      <Filter>Object</Filter>
    </ClCompile>
    <ClCompile Include="Scene.cpp">
      <Filter>Scene</Filter>
    </ClCompile>
    <ClCompile Include="Stage.cpp">
      <Filter>Scene\Stage</Filter>
    </ClCompile>
    <ClCompile Include="SceneManager.cpp">
      <Filter>Managers</Filter>
    </ClCompile>
  </ItemGroup>
</Project>